
Microsoft Visual Studio Solution File, Format Version 12.00
# Visual Studio Version 17
VisualStudioVersion = 17.7.34031.279
MinimumVisualStudioVersion = 10.0.40219.1
Project("{FAE04EC0-301F-11D3-BF4B-00C04F79EFBC}") = "TravelManagementSystem", "TravelManagementSystem.csproj", "{8A59B410-B775-4C85-AD40-3A545E27C67C}"
EndProject
Project("{FAE04EC0-301F-11D3-BF4B-00C04F79EFBC}") = "BLL", "..\BLL\BLL.csproj", "{38B76A58-F0ED-4F28-9E97-F1F3ACF47CE1}"
EndProject
Project("{FAE04EC0-301F-11D3-BF4B-00C04F79EFBC}") = "DAL", "..\DAL\DAL.csproj", "{C2D39D25-2EAF-4A8B-A7C6-5E8DA23E3930}"
EndProject
Global
	GlobalSection(SolutionConfigurationPlatforms) = preSolution
		Debug|Any CPU = Debug|Any CPU
		Release|Any CPU = Release|Any CPU
	EndGlobalSection
	GlobalSection(ProjectConfigurationPlatforms) = postSolution
		{8A59B410-B775-4C85-AD40-3A545E27C67C}.Debug|Any CPU.ActiveCfg = Debug|Any CPU
		{8A59B410-B775-4C85-AD40-3A545E27C67C}.Debug|Any CPU.Build.0 = Debug|Any CPU
		{8A59B410-B775-4C85-AD40-3A545E27C67C}.Release|Any CPU.ActiveCfg = Release|Any CPU
		{8A59B410-B775-4C85-AD40-3A545E27C67C}.Release|Any CPU.Build.0 = Release|Any CPU
		{38B76A58-F0ED-4F28-9E97-F1F3ACF47CE1}.Debug|Any CPU.ActiveCfg = Debug|Any CPU
		{38B76A58-F0ED-4F28-9E97-F1F3ACF47CE1}.Debug|Any CPU.Build.0 = Debug|Any CPU
		{38B76A58-F0ED-4F28-9E97-F1F3ACF47CE1}.Release|Any CPU.ActiveCfg = Release|Any CPU
		{38B76A58-F0ED-4F28-9E97-F1F3ACF47CE1}.Release|Any CPU.Build.0 = Release|Any CPU
		{C2D39D25-2EAF-4A8B-A7C6-5E8DA23E3930}.Debug|Any CPU.ActiveCfg = Debug|Any CPU
		{C2D39D25-2EAF-4A8B-A7C6-5E8DA23E3930}.Debug|Any CPU.Build.0 = Debug|Any CPU
		{C2D39D25-2EAF-4A8B-A7C6-5E8DA23E3930}.Release|Any CPU.ActiveCfg = Release|Any CPU
		{C2D39D25-2EAF-4A8B-A7C6-5E8DA23E3930}.Release|Any CPU.Build.0 = Release|Any CPU
	EndGlobalSection
	GlobalSection(SolutionProperties) = preSolution
		HideSolutionNode = FALSE
	EndGlobalSection
	GlobalSection(ExtensibilityGlobals) = postSolution
		SolutionGuid = {797E96E1-DA5D-4814-B794-9E2C4D6CC042}
	EndGlobalSection
EndGlobal
